// !$*UTF8*$!
{
	archiveVersion = 1;
	classes = {
	};
	objectVersion = 56;
	objects = {

/* Begin PBXBuildFile section */
		1A1214532C36EDAB009E1BD1 /* ExcelToFirebase.swift in Sources */ = {isa = PBXBuildFile; fileRef = 1A1214522C36EDAB009E1BD1 /* ExcelToFirebase.swift */; };
		1A1214562C36EF99009E1BD1 /* CoreXLSX in Frameworks */ = {isa = PBXBuildFile; productRef = 1A1214552C36EF99009E1BD1 /* CoreXLSX */; };
		1A12145B2C370869009E1BD1 /* FirebaseFirestoreCombine-Community in Frameworks */ = {isa = PBXBuildFile; productRef = 1A12145A2C370869009E1BD1 /* FirebaseFirestoreCombine-Community */; };
		1A12145D2C370869009E1BD1 /* FirebaseFirestoreSwift in Frameworks */ = {isa = PBXBuildFile; productRef = 1A12145C2C370869009E1BD1 /* FirebaseFirestoreSwift */; };
		1A25BA012C3F03F60069BED6 /* GoogleBookService.swift in Sources */ = {isa = PBXBuildFile; fileRef = 1A25BA002C3F03F60069BED6 /* GoogleBookService.swift */; };
		1A28CF972C426064006285A2 /* AddCampaignEventsViewModel.swift in Sources */ = {isa = PBXBuildFile; fileRef = 1A28CF962C426064006285A2 /* AddCampaignEventsViewModel.swift */; };
		1A28EC4C2C3D3A5300F2DB17 /* InventoryViewModel.swift in Sources */ = {isa = PBXBuildFile; fileRef = 1A28EC4B2C3D3A5300F2DB17 /* InventoryViewModel.swift */; };
		1A8428C72C3BEDEC00A34F8D /* FilePicker.swift in Sources */ = {isa = PBXBuildFile; fileRef = 1A8428C62C3BEDEC00A34F8D /* FilePicker.swift */; };
		1A8CC0582C412D3D00020D8A /* FirestoreService.swift in Sources */ = {isa = PBXBuildFile; fileRef = 1A8CC0572C412D3D00020D8A /* FirestoreService.swift */; };
		326BD2422C3E62B4008F1EB2 /* AuthViewModel.swift in Sources */ = {isa = PBXBuildFile; fileRef = 326BD2412C3E62B4008F1EB2 /* AuthViewModel.swift */; };
		326BD2462C3E66EC008F1EB2 /* AdminMainView.swift in Sources */ = {isa = PBXBuildFile; fileRef = 326BD2452C3E66EC008F1EB2 /* AdminMainView.swift */; };
		326BD2482C3E670E008F1EB2 /* LibrarianMainView.swift in Sources */ = {isa = PBXBuildFile; fileRef = 326BD2472C3E670E008F1EB2 /* LibrarianMainView.swift */; };
		326BD24A2C3E674C008F1EB2 /* AdminSideBar.swift in Sources */ = {isa = PBXBuildFile; fileRef = 326BD2492C3E674C008F1EB2 /* AdminSideBar.swift */; };
		326BD24E2C3E6786008F1EB2 /* LibrarianSideBar.swift in Sources */ = {isa = PBXBuildFile; fileRef = 326BD24D2C3E6786008F1EB2 /* LibrarianSideBar.swift */; };
		329E0A592C3823EC00E8925A /* ForgetPasswordView.swift in Sources */ = {isa = PBXBuildFile; fileRef = 329E0A582C3823EC00E8925A /* ForgetPasswordView.swift */; };
		32D84C142C3708C500E489F7 /* LoginView.swift in Sources */ = {isa = PBXBuildFile; fileRef = 32D84C132C3708C500E489F7 /* LoginView.swift */; };
		32D84C162C370E0A00E489F7 /* AdminView.swift in Sources */ = {isa = PBXBuildFile; fileRef = 32D84C152C370E0A00E489F7 /* AdminView.swift */; };
		32D84C1B2C37118600E489F7 /* FirebaseFirestore in Frameworks */ = {isa = PBXBuildFile; productRef = 32D84C1A2C37118600E489F7 /* FirebaseFirestore */; };
		32D84C1D2C37213E00E489F7 /* LibrarianView.swift in Sources */ = {isa = PBXBuildFile; fileRef = 32D84C1C2C37213E00E489F7 /* LibrarianView.swift */; };
		32E4A7272C3AEC22003D0D6C /* AddLibrarianView.swift in Sources */ = {isa = PBXBuildFile; fileRef = 32E4A7262C3AEC22003D0D6C /* AddLibrarianView.swift */; };
		32E4A72B2C3BC3C3003D0D6C /* InventoryView.swift in Sources */ = {isa = PBXBuildFile; fileRef = 32E4A72A2C3BC3C3003D0D6C /* InventoryView.swift */; };
		3C41F1EB2C3FF5BB000454E9 /* CustomDatePicker.swift in Sources */ = {isa = PBXBuildFile; fileRef = 3C41F1EA2C3FF5BB000454E9 /* CustomDatePicker.swift */; };
		3C51AEB52C3E628D00C39117 /* AdminAnalyticsView.swift in Sources */ = {isa = PBXBuildFile; fileRef = 3C51AEB42C3E628D00C39117 /* AdminAnalyticsView.swift */; };
		3C7290B72C40F6060047AEC0 /* BookDetailsView.swift in Sources */ = {isa = PBXBuildFile; fileRef = 3C7290B62C40F6060047AEC0 /* BookDetailsView.swift */; };
		5FDAB7962C371F1000FEC1C2 /* AddBookView.swift in Sources */ = {isa = PBXBuildFile; fileRef = 5FDAB7942C371F1000FEC1C2 /* AddBookView.swift */; };
		5FE798562C413640005B6B56 /* AddCampaignEventsSheetView.swift in Sources */ = {isa = PBXBuildFile; fileRef = 5FE798552C413640005B6B56 /* AddCampaignEventsSheetView.swift */; };
		5FE798582C423DEE005B6B56 /* AddCampaignEventsView.swift in Sources */ = {isa = PBXBuildFile; fileRef = 5FE798572C423DEE005B6B56 /* AddCampaignEventsView.swift */; };
		67BE8FE72C37F3C900DA1B96 /* BarCodeScanner.swift in Sources */ = {isa = PBXBuildFile; fileRef = 67BE8FE32C37F3C900DA1B96 /* BarCodeScanner.swift */; };
		67BE8FE82C37F3C900DA1B96 /* BookMetaDataService.swift in Sources */ = {isa = PBXBuildFile; fileRef = 67BE8FE42C37F3C900DA1B96 /* BookMetaDataService.swift */; };
		67BE8FEA2C37F3C900DA1B96 /* Structs.swift in Sources */ = {isa = PBXBuildFile; fileRef = 67BE8FE62C37F3C900DA1B96 /* Structs.swift */; };
		8016A7DD2C353E8B0037D386 /* LMSAdminLibrarian.swift in Sources */ = {isa = PBXBuildFile; fileRef = 8016A7DC2C353E8B0037D386 /* LMSAdminLibrarian.swift */; };
		8016A7DF2C353E8B0037D386 /* ContentView.swift in Sources */ = {isa = PBXBuildFile; fileRef = 8016A7DE2C353E8B0037D386 /* ContentView.swift */; };
		8016A7E12C353E8D0037D386 /* Assets.xcassets in Resources */ = {isa = PBXBuildFile; fileRef = 8016A7E02C353E8D0037D386 /* Assets.xcassets */; };
		8016A7E42C353E8D0037D386 /* Preview Assets.xcassets in Resources */ = {isa = PBXBuildFile; fileRef = 8016A7E32C353E8D0037D386 /* Preview Assets.xcassets */; };
		8016A7EE2C3544B30037D386 /* FirebaseAnalytics in Frameworks */ = {isa = PBXBuildFile; productRef = 8016A7ED2C3544B30037D386 /* FirebaseAnalytics */; };
		8016A7F02C3544B30037D386 /* FirebaseAnalyticsWithoutAdIdSupport in Frameworks */ = {isa = PBXBuildFile; productRef = 8016A7EF2C3544B30037D386 /* FirebaseAnalyticsWithoutAdIdSupport */; };
		8016A7F22C3544B30037D386 /* FirebaseAuth in Frameworks */ = {isa = PBXBuildFile; productRef = 8016A7F12C3544B30037D386 /* FirebaseAuth */; };
		8016A7F42C3544B30037D386 /* FirebaseDatabase in Frameworks */ = {isa = PBXBuildFile; productRef = 8016A7F32C3544B30037D386 /* FirebaseDatabase */; };
		8016A7F62C3544B30037D386 /* FirebaseStorage in Frameworks */ = {isa = PBXBuildFile; productRef = 8016A7F52C3544B30037D386 /* FirebaseStorage */; };
		8016A8142C3546D60037D386 /* GoogleService-Info.plist in Resources */ = {isa = PBXBuildFile; fileRef = 8016A8132C3546D60037D386 /* GoogleService-Info.plist */; };
		8069BF852C3E4A7B0075475D /* SwiftProtobuf in Frameworks */ = {isa = PBXBuildFile; productRef = 8069BF842C3E4A7B0075475D /* SwiftProtobuf */; };
		8069BF872C3E4A7B0075475D /* SwiftProtobufPluginLibrary in Frameworks */ = {isa = PBXBuildFile; productRef = 8069BF862C3E4A7B0075475D /* SwiftProtobufPluginLibrary */; };
		8092BE4B2C3FA1A400D895F5 /* ForgetPasswordAdminView.swift in Sources */ = {isa = PBXBuildFile; fileRef = 8092BE4A2C3FA1A400D895F5 /* ForgetPasswordAdminView.swift */; };
		8092BE4D2C3FA28500D895F5 /* ResetPasswordView.swift in Sources */ = {isa = PBXBuildFile; fileRef = 8092BE4C2C3FA28500D895F5 /* ResetPasswordView.swift */; };
/* End PBXBuildFile section */

/* Begin PBXFileReference section */
		1A1214522C36EDAB009E1BD1 /* ExcelToFirebase.swift */ = {isa = PBXFileReference; lastKnownFileType = sourcecode.swift; path = ExcelToFirebase.swift; sourceTree = "<group>"; };
		1A25BA002C3F03F60069BED6 /* GoogleBookService.swift */ = {isa = PBXFileReference; lastKnownFileType = sourcecode.swift; path = GoogleBookService.swift; sourceTree = "<group>"; };
		1A28CF962C426064006285A2 /* AddCampaignEventsViewModel.swift */ = {isa = PBXFileReference; lastKnownFileType = sourcecode.swift; path = AddCampaignEventsViewModel.swift; sourceTree = "<group>"; };
		1A28EC4B2C3D3A5300F2DB17 /* InventoryViewModel.swift */ = {isa = PBXFileReference; lastKnownFileType = sourcecode.swift; path = InventoryViewModel.swift; sourceTree = "<group>"; };
		1A8428C62C3BEDEC00A34F8D /* FilePicker.swift */ = {isa = PBXFileReference; lastKnownFileType = sourcecode.swift; path = FilePicker.swift; sourceTree = "<group>"; };
		1A8CC0572C412D3D00020D8A /* FirestoreService.swift */ = {isa = PBXFileReference; lastKnownFileType = sourcecode.swift; path = FirestoreService.swift; sourceTree = "<group>"; };
		326BD2412C3E62B4008F1EB2 /* AuthViewModel.swift */ = {isa = PBXFileReference; lastKnownFileType = sourcecode.swift; path = AuthViewModel.swift; sourceTree = "<group>"; };
		326BD2452C3E66EC008F1EB2 /* AdminMainView.swift */ = {isa = PBXFileReference; lastKnownFileType = sourcecode.swift; path = AdminMainView.swift; sourceTree = "<group>"; };
		326BD2472C3E670E008F1EB2 /* LibrarianMainView.swift */ = {isa = PBXFileReference; lastKnownFileType = sourcecode.swift; path = LibrarianMainView.swift; sourceTree = "<group>"; };
		326BD2492C3E674C008F1EB2 /* AdminSideBar.swift */ = {isa = PBXFileReference; lastKnownFileType = sourcecode.swift; path = AdminSideBar.swift; sourceTree = "<group>"; };
		326BD24D2C3E6786008F1EB2 /* LibrarianSideBar.swift */ = {isa = PBXFileReference; lastKnownFileType = sourcecode.swift; path = LibrarianSideBar.swift; sourceTree = "<group>"; };
		329E0A582C3823EC00E8925A /* ForgetPasswordView.swift */ = {isa = PBXFileReference; lastKnownFileType = sourcecode.swift; path = ForgetPasswordView.swift; sourceTree = "<group>"; };
		32D84C132C3708C500E489F7 /* LoginView.swift */ = {isa = PBXFileReference; lastKnownFileType = sourcecode.swift; path = LoginView.swift; sourceTree = "<group>"; };
		32D84C152C370E0A00E489F7 /* AdminView.swift */ = {isa = PBXFileReference; lastKnownFileType = sourcecode.swift; path = AdminView.swift; sourceTree = "<group>"; };
		32D84C1C2C37213E00E489F7 /* LibrarianView.swift */ = {isa = PBXFileReference; lastKnownFileType = sourcecode.swift; path = LibrarianView.swift; sourceTree = "<group>"; };
		32E4A7262C3AEC22003D0D6C /* AddLibrarianView.swift */ = {isa = PBXFileReference; lastKnownFileType = sourcecode.swift; path = AddLibrarianView.swift; sourceTree = "<group>"; };
		32E4A72A2C3BC3C3003D0D6C /* InventoryView.swift */ = {isa = PBXFileReference; lastKnownFileType = sourcecode.swift; path = InventoryView.swift; sourceTree = "<group>"; };
		3C41F1EA2C3FF5BB000454E9 /* CustomDatePicker.swift */ = {isa = PBXFileReference; lastKnownFileType = sourcecode.swift; path = CustomDatePicker.swift; sourceTree = "<group>"; };
		3C51AEB42C3E628D00C39117 /* AdminAnalyticsView.swift */ = {isa = PBXFileReference; lastKnownFileType = sourcecode.swift; path = AdminAnalyticsView.swift; sourceTree = "<group>"; };
		3C7290B62C40F6060047AEC0 /* BookDetailsView.swift */ = {isa = PBXFileReference; lastKnownFileType = sourcecode.swift; path = BookDetailsView.swift; sourceTree = "<group>"; };
		5FDAB7932C371F1000FEC1C2 /* SidebarView.swift */ = {isa = PBXFileReference; fileEncoding = 4; lastKnownFileType = sourcecode.swift; path = SidebarView.swift; sourceTree = "<group>"; };
		5FDAB7942C371F1000FEC1C2 /* AddBookView.swift */ = {isa = PBXFileReference; fileEncoding = 4; lastKnownFileType = sourcecode.swift; path = AddBookView.swift; sourceTree = "<group>"; };
		5FE798552C413640005B6B56 /* AddCampaignEventsSheetView.swift */ = {isa = PBXFileReference; lastKnownFileType = sourcecode.swift; path = AddCampaignEventsSheetView.swift; sourceTree = "<group>"; };
		5FE798572C423DEE005B6B56 /* AddCampaignEventsView.swift */ = {isa = PBXFileReference; lastKnownFileType = sourcecode.swift; path = AddCampaignEventsView.swift; sourceTree = "<group>"; };
		67BE8FE32C37F3C900DA1B96 /* BarCodeScanner.swift */ = {isa = PBXFileReference; fileEncoding = 4; lastKnownFileType = sourcecode.swift; path = BarCodeScanner.swift; sourceTree = "<group>"; };
		67BE8FE42C37F3C900DA1B96 /* BookMetaDataService.swift */ = {isa = PBXFileReference; fileEncoding = 4; lastKnownFileType = sourcecode.swift; path = BookMetaDataService.swift; sourceTree = "<group>"; };
		67BE8FE62C37F3C900DA1B96 /* Structs.swift */ = {isa = PBXFileReference; fileEncoding = 4; lastKnownFileType = sourcecode.swift; path = Structs.swift; sourceTree = "<group>"; };
		67BE8FEB2C37F51800DA1B96 /* LMS-Admin-Librarian-Info.plist */ = {isa = PBXFileReference; lastKnownFileType = text.plist; path = "LMS-Admin-Librarian-Info.plist"; sourceTree = SOURCE_ROOT; };
		8016A7D92C353E8B0037D386 /* LMSAdminLibrarian.app */ = {isa = PBXFileReference; explicitFileType = wrapper.application; includeInIndex = 0; path = LMSAdminLibrarian.app; sourceTree = BUILT_PRODUCTS_DIR; };
		8016A7DC2C353E8B0037D386 /* LMSAdminLibrarian.swift */ = {isa = PBXFileReference; lastKnownFileType = sourcecode.swift; path = LMSAdminLibrarian.swift; sourceTree = "<group>"; };
		8016A7DE2C353E8B0037D386 /* ContentView.swift */ = {isa = PBXFileReference; lastKnownFileType = sourcecode.swift; path = ContentView.swift; sourceTree = "<group>"; };
		8016A7E02C353E8D0037D386 /* Assets.xcassets */ = {isa = PBXFileReference; lastKnownFileType = folder.assetcatalog; path = Assets.xcassets; sourceTree = "<group>"; };
		8016A7E32C353E8D0037D386 /* Preview Assets.xcassets */ = {isa = PBXFileReference; lastKnownFileType = folder.assetcatalog; path = "Preview Assets.xcassets"; sourceTree = "<group>"; };
		8016A8132C3546D60037D386 /* GoogleService-Info.plist */ = {isa = PBXFileReference; fileEncoding = 4; lastKnownFileType = text.plist.xml; path = "GoogleService-Info.plist"; sourceTree = "<group>"; };
		8092BE4A2C3FA1A400D895F5 /* ForgetPasswordAdminView.swift */ = {isa = PBXFileReference; lastKnownFileType = sourcecode.swift; path = ForgetPasswordAdminView.swift; sourceTree = "<group>"; };
		8092BE4C2C3FA28500D895F5 /* ResetPasswordView.swift */ = {isa = PBXFileReference; lastKnownFileType = sourcecode.swift; path = ResetPasswordView.swift; sourceTree = "<group>"; };
/* End PBXFileReference section */

/* Begin PBXFrameworksBuildPhase section */
		8016A7D62C353E8B0037D386 /* Frameworks */ = {
			isa = PBXFrameworksBuildPhase;
			buildActionMask = 2147483647;
			files = (
				1A1214562C36EF99009E1BD1 /* CoreXLSX in Frameworks */,
				1A12145B2C370869009E1BD1 /* FirebaseFirestoreCombine-Community in Frameworks */,
				8016A7EE2C3544B30037D386 /* FirebaseAnalytics in Frameworks */,
				8069BF852C3E4A7B0075475D /* SwiftProtobuf in Frameworks */,
				8016A7F22C3544B30037D386 /* FirebaseAuth in Frameworks */,
				8016A7F42C3544B30037D386 /* FirebaseDatabase in Frameworks */,
				8016A7F62C3544B30037D386 /* FirebaseStorage in Frameworks */,
				8016A7F02C3544B30037D386 /* FirebaseAnalyticsWithoutAdIdSupport in Frameworks */,
				1A12145D2C370869009E1BD1 /* FirebaseFirestoreSwift in Frameworks */,
				8069BF872C3E4A7B0075475D /* SwiftProtobufPluginLibrary in Frameworks */,
				32D84C1B2C37118600E489F7 /* FirebaseFirestore in Frameworks */,
			);
			runOnlyForDeploymentPostprocessing = 0;
		};
/* End PBXFrameworksBuildPhase section */

/* Begin PBXGroup section */
		1AEB21C02C3E9E1B000BD7B2 /* Views */ = {
			isa = PBXGroup;
			children = (
				32E4A7262C3AEC22003D0D6C /* AddLibrarianView.swift */,
				5FE798552C413640005B6B56 /* AddCampaignEventsSheetView.swift */,
				5FE798572C423DEE005B6B56 /* AddCampaignEventsView.swift */,
				32D84C1C2C37213E00E489F7 /* LibrarianView.swift */,
				8016A7DE2C353E8B0037D386 /* ContentView.swift */,
				5FDAB7932C371F1000FEC1C2 /* SidebarView.swift */,
				5FDAB7942C371F1000FEC1C2 /* AddBookView.swift */,
				32E4A72A2C3BC3C3003D0D6C /* InventoryView.swift */,
				329E0A582C3823EC00E8925A /* ForgetPasswordView.swift */,
				32D84C152C370E0A00E489F7 /* AdminView.swift */,
				32D84C132C3708C500E489F7 /* LoginView.swift */,
				8092BE4C2C3FA28500D895F5 /* ResetPasswordView.swift */,
				8092BE4A2C3FA1A400D895F5 /* ForgetPasswordAdminView.swift */,
				3C41F1EA2C3FF5BB000454E9 /* CustomDatePicker.swift */,
				3C51AEB42C3E628D00C39117 /* AdminAnalyticsView.swift */,
				3C7290B62C40F6060047AEC0 /* BookDetailsView.swift */,
				326BD24D2C3E6786008F1EB2 /* LibrarianSideBar.swift */,
				326BD2452C3E66EC008F1EB2 /* AdminMainView.swift */,
				326BD2472C3E670E008F1EB2 /* LibrarianMainView.swift */,
				326BD2492C3E674C008F1EB2 /* AdminSideBar.swift */,
			);
			path = Views;
			sourceTree = "<group>";
		};
		1AEB21C12C3E9E58000BD7B2 /* Models */ = {
			isa = PBXGroup;
			children = (
				8016A7DC2C353E8B0037D386 /* LMSAdminLibrarian.swift */,
				67BE8FE62C37F3C900DA1B96 /* Structs.swift */,
			);
			path = Models;
			sourceTree = "<group>";
		};
		1AEB21C22C3E9E70000BD7B2 /* ViewModels */ = {
			isa = PBXGroup;
			children = (
				326BD2412C3E62B4008F1EB2 /* AuthViewModel.swift */,
				1A28EC4B2C3D3A5300F2DB17 /* InventoryViewModel.swift */,
				1A28CF962C426064006285A2 /* AddCampaignEventsViewModel.swift */,
			);
			path = ViewModels;
			sourceTree = "<group>";
		};
		1AEB21C32C3E9EAD000BD7B2 /* Services */ = {
			isa = PBXGroup;
			children = (
				67BE8FE42C37F3C900DA1B96 /* BookMetaDataService.swift */,
				1A25BA002C3F03F60069BED6 /* GoogleBookService.swift */,
				1A8CC0572C412D3D00020D8A /* FirestoreService.swift */,
			);
			path = Services;
			sourceTree = "<group>";
		};
		1AEB21C42C3E9F19000BD7B2 /* Utilities */ = {
			isa = PBXGroup;
			children = (
				67BE8FE32C37F3C900DA1B96 /* BarCodeScanner.swift */,
				1A1214522C36EDAB009E1BD1 /* ExcelToFirebase.swift */,
				1A8428C62C3BEDEC00A34F8D /* FilePicker.swift */,
			);
			path = Utilities;
			sourceTree = "<group>";
		};
		1AFA994A2C404E42000D81CF /* Recovered References */ = {
			isa = PBXGroup;
			children = (
			);
			name = "Recovered References";
			sourceTree = "<group>";
		};
		32D84C192C37118600E489F7 /* Frameworks */ = {
			isa = PBXGroup;
			children = (
			);
			name = Frameworks;
			sourceTree = "<group>";
		};
		8016A7D02C353E8B0037D386 = {
			isa = PBXGroup;
			children = (
				67BE8FEB2C37F51800DA1B96 /* LMS-Admin-Librarian-Info.plist */,
				8016A8132C3546D60037D386 /* GoogleService-Info.plist */,
				8016A7DB2C353E8B0037D386 /* LMSAdminLibrarian */,
				8016A7DA2C353E8B0037D386 /* Products */,
				32D84C192C37118600E489F7 /* Frameworks */,
				1AFA994A2C404E42000D81CF /* Recovered References */,
			);
			sourceTree = "<group>";
		};
		8016A7DA2C353E8B0037D386 /* Products */ = {
			isa = PBXGroup;
			children = (
				8016A7D92C353E8B0037D386 /* LMSAdminLibrarian.app */,
			);
			name = Products;
			sourceTree = "<group>";
		};
		8016A7DB2C353E8B0037D386 /* LMSAdminLibrarian */ = {
			isa = PBXGroup;
			children = (
				1AEB21C12C3E9E58000BD7B2 /* Models */,
				1AEB21C02C3E9E1B000BD7B2 /* Views */,
				1AEB21C22C3E9E70000BD7B2 /* ViewModels */,
				1AEB21C32C3E9EAD000BD7B2 /* Services */,
				1AEB21C42C3E9F19000BD7B2 /* Utilities */,
				8016A7E02C353E8D0037D386 /* Assets.xcassets */,
				8016A7E22C353E8D0037D386 /* Preview Content */,
			);
			path = LMSAdminLibrarian;
			sourceTree = "<group>";
		};
		8016A7E22C353E8D0037D386 /* Preview Content */ = {
			isa = PBXGroup;
			children = (
				8016A7E32C353E8D0037D386 /* Preview Assets.xcassets */,
			);
			path = "Preview Content";
			sourceTree = "<group>";
		};
/* End PBXGroup section */

/* Begin PBXNativeTarget section */
		8016A7D82C353E8B0037D386 /* LMSAdminLibrarian */ = {
			isa = PBXNativeTarget;
			buildConfigurationList = 8016A7E72C353E8D0037D386 /* Build configuration list for PBXNativeTarget "LMSAdminLibrarian" */;
			buildPhases = (
				8016A7D52C353E8B0037D386 /* Sources */,
				8016A7D62C353E8B0037D386 /* Frameworks */,
				8016A7D72C353E8B0037D386 /* Resources */,
			);
			buildRules = (
			);
			dependencies = (
			);
			name = LMSAdminLibrarian;
			packageProductDependencies = (
				8016A7ED2C3544B30037D386 /* FirebaseAnalytics */,
				8016A7EF2C3544B30037D386 /* FirebaseAnalyticsWithoutAdIdSupport */,
				8016A7F12C3544B30037D386 /* FirebaseAuth */,
				8016A7F32C3544B30037D386 /* FirebaseDatabase */,
				8016A7F52C3544B30037D386 /* FirebaseStorage */,
				1A1214552C36EF99009E1BD1 /* CoreXLSX */,
				1A12145A2C370869009E1BD1 /* FirebaseFirestoreCombine-Community */,
				32D84C1A2C37118600E489F7 /* FirebaseFirestore */,
				8069BF842C3E4A7B0075475D /* SwiftProtobuf */,
				8069BF862C3E4A7B0075475D /* SwiftProtobufPluginLibrary */,
			);
			productName = LMS_Admin_Librarian;
			productReference = 8016A7D92C353E8B0037D386 /* LMSAdminLibrarian.app */;
			productType = "com.apple.product-type.application";
		};
/* End PBXNativeTarget section */

/* Begin PBXProject section */
		8016A7D12C353E8B0037D386 /* Project object */ = {
			isa = PBXProject;
			attributes = {
				BuildIndependentTargetsInParallel = 1;
				LastSwiftUpdateCheck = 1540;
				LastUpgradeCheck = 1540;
				TargetAttributes = {
					8016A7D82C353E8B0037D386 = {
						CreatedOnToolsVersion = 15.4;
					};
				};
			};
			buildConfigurationList = 8016A7D42C353E8B0037D386 /* Build configuration list for PBXProject "LMSAdminLibrarian" */;
			compatibilityVersion = "Xcode 14.0";
			developmentRegion = en;
			hasScannedForEncodings = 0;
			knownRegions = (
				en,
				Base,
			);
			mainGroup = 8016A7D02C353E8B0037D386;
			packageReferences = (
				8016A7EC2C3544B30037D386 /* XCRemoteSwiftPackageReference "firebase-ios-sdk" */,
				1A1214542C36EF99009E1BD1 /* XCRemoteSwiftPackageReference "CoreXLSX" */,
				8069BF832C3E4A7B0075475D /* XCRemoteSwiftPackageReference "swift-protobuf" */,
			);
			productRefGroup = 8016A7DA2C353E8B0037D386 /* Products */;
			projectDirPath = "";
			projectRoot = "";
			targets = (
				8016A7D82C353E8B0037D386 /* LMSAdminLibrarian */,
			);
		};
/* End PBXProject section */

/* Begin PBXResourcesBuildPhase section */
		8016A7D72C353E8B0037D386 /* Resources */ = {
			isa = PBXResourcesBuildPhase;
			buildActionMask = 2147483647;
			files = (
				8016A7E42C353E8D0037D386 /* Preview Assets.xcassets in Resources */,
				8016A7E12C353E8D0037D386 /* Assets.xcassets in Resources */,
				8016A8142C3546D60037D386 /* GoogleService-Info.plist in Resources */,
			);
			runOnlyForDeploymentPostprocessing = 0;
		};
/* End PBXResourcesBuildPhase section */

/* Begin PBXSourcesBuildPhase section */
		8016A7D52C353E8B0037D386 /* Sources */ = {
			isa = PBXSourcesBuildPhase;
			buildActionMask = 2147483647;
			files = (
				326BD24E2C3E6786008F1EB2 /* LibrarianSideBar.swift in Sources */,
				3C51AEB52C3E628D00C39117 /* AdminAnalyticsView.swift in Sources */,
				3C7290B72C40F6060047AEC0 /* BookDetailsView.swift in Sources */,
				1A1214532C36EDAB009E1BD1 /* ExcelToFirebase.swift in Sources */,
				5FE798562C413640005B6B56 /* AddCampaignEventsSheetView.swift in Sources */,
				67BE8FEA2C37F3C900DA1B96 /* Structs.swift in Sources */,
				1A8CC0582C412D3D00020D8A /* FirestoreService.swift in Sources */,
				1A28EC4C2C3D3A5300F2DB17 /* InventoryViewModel.swift in Sources */,
				32E4A72B2C3BC3C3003D0D6C /* InventoryView.swift in Sources */,
				8092BE4D2C3FA28500D895F5 /* ResetPasswordView.swift in Sources */,
				1A8428C72C3BEDEC00A34F8D /* FilePicker.swift in Sources */,
				32D84C142C3708C500E489F7 /* LoginView.swift in Sources */,
				67BE8FE72C37F3C900DA1B96 /* BarCodeScanner.swift in Sources */,
				326BD2422C3E62B4008F1EB2 /* AuthViewModel.swift in Sources */,
				8016A7DF2C353E8B0037D386 /* ContentView.swift in Sources */,
				326BD2462C3E66EC008F1EB2 /* AdminMainView.swift in Sources */,
				8092BE4B2C3FA1A400D895F5 /* ForgetPasswordAdminView.swift in Sources */,
				329E0A592C3823EC00E8925A /* ForgetPasswordView.swift in Sources */,
				1A25BA012C3F03F60069BED6 /* GoogleBookService.swift in Sources */,
				32E4A7272C3AEC22003D0D6C /* AddLibrarianView.swift in Sources */,
				32D84C1D2C37213E00E489F7 /* LibrarianView.swift in Sources */,
				32D84C162C370E0A00E489F7 /* AdminView.swift in Sources */,
				326BD2482C3E670E008F1EB2 /* LibrarianMainView.swift in Sources */,
				8016A7DD2C353E8B0037D386 /* LMSAdminLibrarian.swift in Sources */,
				326BD24A2C3E674C008F1EB2 /* AdminSideBar.swift in Sources */,
				8016A7DD2C353E8B0037D386 /* LMSAdminLibrarian.swift in Sources */,
				5FDAB7962C371F1000FEC1C2 /* AddBookView.swift in Sources */,
				1A28CF972C426064006285A2 /* AddCampaignEventsViewModel.swift in Sources */,
				67BE8FE82C37F3C900DA1B96 /* BookMetaDataService.swift in Sources */,
				3C41F1EB2C3FF5BB000454E9 /* CustomDatePicker.swift in Sources */,
				5FE798582C423DEE005B6B56 /* AddCampaignEventsView.swift in Sources */,
			);
			runOnlyForDeploymentPostprocessing = 0;
		};
/* End PBXSourcesBuildPhase section */

/* Begin XCBuildConfiguration section */
		8016A7E52C353E8D0037D386 /* Debug */ = {
			isa = XCBuildConfiguration;
			buildSettings = {
				ALWAYS_SEARCH_USER_PATHS = NO;
				ASSETCATALOG_COMPILER_GENERATE_SWIFT_ASSET_SYMBOL_EXTENSIONS = YES;
				CLANG_ANALYZER_NONNULL = YES;
				CLANG_ANALYZER_NUMBER_OBJECT_CONVERSION = YES_AGGRESSIVE;
				CLANG_CXX_LANGUAGE_STANDARD = "gnu++20";
				CLANG_ENABLE_MODULES = YES;
				CLANG_ENABLE_OBJC_ARC = YES;
				CLANG_ENABLE_OBJC_WEAK = YES;
				CLANG_WARN_BLOCK_CAPTURE_AUTORELEASING = YES;
				CLANG_WARN_BOOL_CONVERSION = YES;
				CLANG_WARN_COMMA = YES;
				CLANG_WARN_CONSTANT_CONVERSION = YES;
				CLANG_WARN_DEPRECATED_OBJC_IMPLEMENTATIONS = YES;
				CLANG_WARN_DIRECT_OBJC_ISA_USAGE = YES_ERROR;
				CLANG_WARN_DOCUMENTATION_COMMENTS = YES;
				CLANG_WARN_EMPTY_BODY = YES;
				CLANG_WARN_ENUM_CONVERSION = YES;
				CLANG_WARN_INFINITE_RECURSION = YES;
				CLANG_WARN_INT_CONVERSION = YES;
				CLANG_WARN_NON_LITERAL_NULL_CONVERSION = YES;
				CLANG_WARN_OBJC_IMPLICIT_RETAIN_SELF = YES;
				CLANG_WARN_OBJC_LITERAL_CONVERSION = YES;
				CLANG_WARN_OBJC_ROOT_CLASS = YES_ERROR;
				CLANG_WARN_QUOTED_INCLUDE_IN_FRAMEWORK_HEADER = YES;
				CLANG_WARN_RANGE_LOOP_ANALYSIS = YES;
				CLANG_WARN_STRICT_PROTOTYPES = YES;
				CLANG_WARN_SUSPICIOUS_MOVE = YES;
				CLANG_WARN_UNGUARDED_AVAILABILITY = YES_AGGRESSIVE;
				CLANG_WARN_UNREACHABLE_CODE = YES;
				CLANG_WARN__DUPLICATE_METHOD_MATCH = YES;
				COPY_PHASE_STRIP = NO;
				DEBUG_INFORMATION_FORMAT = dwarf;
				ENABLE_STRICT_OBJC_MSGSEND = YES;
				ENABLE_TESTABILITY = YES;
				ENABLE_USER_SCRIPT_SANDBOXING = YES;
				GCC_C_LANGUAGE_STANDARD = gnu17;
				GCC_DYNAMIC_NO_PIC = NO;
				GCC_NO_COMMON_BLOCKS = YES;
				GCC_OPTIMIZATION_LEVEL = 0;
				GCC_PREPROCESSOR_DEFINITIONS = (
					"DEBUG=1",
					"$(inherited)",
				);
				GCC_WARN_64_TO_32_BIT_CONVERSION = YES;
				GCC_WARN_ABOUT_RETURN_TYPE = YES_ERROR;
				GCC_WARN_UNDECLARED_SELECTOR = YES;
				GCC_WARN_UNINITIALIZED_AUTOS = YES_AGGRESSIVE;
				GCC_WARN_UNUSED_FUNCTION = YES;
				GCC_WARN_UNUSED_VARIABLE = YES;
				IPHONEOS_DEPLOYMENT_TARGET = 17.4;
				LOCALIZATION_PREFERS_STRING_CATALOGS = YES;
				MTL_ENABLE_DEBUG_INFO = INCLUDE_SOURCE;
				MTL_FAST_MATH = YES;
				ONLY_ACTIVE_ARCH = YES;
				SDKROOT = iphoneos;
				SWIFT_ACTIVE_COMPILATION_CONDITIONS = "DEBUG $(inherited)";
				SWIFT_OPTIMIZATION_LEVEL = "-Onone";
			};
			name = Debug;
		};
		8016A7E62C353E8D0037D386 /* Release */ = {
			isa = XCBuildConfiguration;
			buildSettings = {
				ALWAYS_SEARCH_USER_PATHS = NO;
				ASSETCATALOG_COMPILER_GENERATE_SWIFT_ASSET_SYMBOL_EXTENSIONS = YES;
				CLANG_ANALYZER_NONNULL = YES;
				CLANG_ANALYZER_NUMBER_OBJECT_CONVERSION = YES_AGGRESSIVE;
				CLANG_CXX_LANGUAGE_STANDARD = "gnu++20";
				CLANG_ENABLE_MODULES = YES;
				CLANG_ENABLE_OBJC_ARC = YES;
				CLANG_ENABLE_OBJC_WEAK = YES;
				CLANG_WARN_BLOCK_CAPTURE_AUTORELEASING = YES;
				CLANG_WARN_BOOL_CONVERSION = YES;
				CLANG_WARN_COMMA = YES;
				CLANG_WARN_CONSTANT_CONVERSION = YES;
				CLANG_WARN_DEPRECATED_OBJC_IMPLEMENTATIONS = YES;
				CLANG_WARN_DIRECT_OBJC_ISA_USAGE = YES_ERROR;
				CLANG_WARN_DOCUMENTATION_COMMENTS = YES;
				CLANG_WARN_EMPTY_BODY = YES;
				CLANG_WARN_ENUM_CONVERSION = YES;
				CLANG_WARN_INFINITE_RECURSION = YES;
				CLANG_WARN_INT_CONVERSION = YES;
				CLANG_WARN_NON_LITERAL_NULL_CONVERSION = YES;
				CLANG_WARN_OBJC_IMPLICIT_RETAIN_SELF = YES;
				CLANG_WARN_OBJC_LITERAL_CONVERSION = YES;
				CLANG_WARN_OBJC_ROOT_CLASS = YES_ERROR;
				CLANG_WARN_QUOTED_INCLUDE_IN_FRAMEWORK_HEADER = YES;
				CLANG_WARN_RANGE_LOOP_ANALYSIS = YES;
				CLANG_WARN_STRICT_PROTOTYPES = YES;
				CLANG_WARN_SUSPICIOUS_MOVE = YES;
				CLANG_WARN_UNGUARDED_AVAILABILITY = YES_AGGRESSIVE;
				CLANG_WARN_UNREACHABLE_CODE = YES;
				CLANG_WARN__DUPLICATE_METHOD_MATCH = YES;
				COPY_PHASE_STRIP = NO;
				DEBUG_INFORMATION_FORMAT = "dwarf-with-dsym";
				ENABLE_NS_ASSERTIONS = NO;
				ENABLE_STRICT_OBJC_MSGSEND = YES;
				ENABLE_USER_SCRIPT_SANDBOXING = YES;
				GCC_C_LANGUAGE_STANDARD = gnu17;
				GCC_NO_COMMON_BLOCKS = YES;
				GCC_WARN_64_TO_32_BIT_CONVERSION = YES;
				GCC_WARN_ABOUT_RETURN_TYPE = YES_ERROR;
				GCC_WARN_UNDECLARED_SELECTOR = YES;
				GCC_WARN_UNINITIALIZED_AUTOS = YES_AGGRESSIVE;
				GCC_WARN_UNUSED_FUNCTION = YES;
				GCC_WARN_UNUSED_VARIABLE = YES;
				IPHONEOS_DEPLOYMENT_TARGET = 17.4;
				LOCALIZATION_PREFERS_STRING_CATALOGS = YES;
				MTL_ENABLE_DEBUG_INFO = NO;
				MTL_FAST_MATH = YES;
				SDKROOT = iphoneos;
				SWIFT_COMPILATION_MODE = wholemodule;
				VALIDATE_PRODUCT = YES;
			};
			name = Release;
		};
		8016A7E82C353E8D0037D386 /* Debug */ = {
			isa = XCBuildConfiguration;
			buildSettings = {
				ASSETCATALOG_COMPILER_APPICON_NAME = AppIcon;
				ASSETCATALOG_COMPILER_GLOBAL_ACCENT_COLOR_NAME = AccentColor;
				CODE_SIGN_STYLE = Automatic;
				CURRENT_PROJECT_VERSION = 1;
				DEVELOPMENT_ASSET_PATHS = "\"LMSAdminLibrarian/Preview Content\"";
				DEVELOPMENT_TEAM = 63W22LRA9Q;
				ENABLE_PREVIEWS = YES;
				GENERATE_INFOPLIST_FILE = YES;
				INFOPLIST_FILE = "LMS-Admin-Librarian-Info.plist";
				INFOPLIST_KEY_LSApplicationCategoryType = "public.app-category.books";
				INFOPLIST_KEY_NSCameraUsageDescription = "Scan ISBN Code";
				INFOPLIST_KEY_UIApplicationSceneManifest_Generation = YES;
				INFOPLIST_KEY_UIApplicationSupportsIndirectInputEvents = YES;
				INFOPLIST_KEY_UILaunchScreen_Generation = YES;
				INFOPLIST_KEY_UIStatusBarStyle = "";
				INFOPLIST_KEY_UISupportedInterfaceOrientations_iPad = "UIInterfaceOrientationLandscapeLeft UIInterfaceOrientationLandscapeRight";
				IPHONEOS_DEPLOYMENT_TARGET = 17.4;
				LD_RUNPATH_SEARCH_PATHS = (
					"$(inherited)",
					"@executable_path/Frameworks",
				);
				MARKETING_VERSION = 1.0;
				PRODUCT_BUNDLE_IDENTIFIER = "com.infosys.LMS-Admin-Librarian";
				PRODUCT_NAME = "$(TARGET_NAME)";
				SWIFT_EMIT_LOC_STRINGS = YES;
				SWIFT_VERSION = 5.0;
				TARGETED_DEVICE_FAMILY = "1,2";
			};
			name = Debug;
		};
		8016A7E92C353E8D0037D386 /* Release */ = {
			isa = XCBuildConfiguration;
			buildSettings = {
				ASSETCATALOG_COMPILER_APPICON_NAME = AppIcon;
				ASSETCATALOG_COMPILER_GLOBAL_ACCENT_COLOR_NAME = AccentColor;
				CODE_SIGN_STYLE = Automatic;
				CURRENT_PROJECT_VERSION = 1;
				DEVELOPMENT_ASSET_PATHS = "\"LMSAdminLibrarian/Preview Content\"";
				DEVELOPMENT_TEAM = 63W22LRA9Q;
				ENABLE_PREVIEWS = YES;
				GENERATE_INFOPLIST_FILE = YES;
				INFOPLIST_FILE = "LMS-Admin-Librarian-Info.plist";
				INFOPLIST_KEY_LSApplicationCategoryType = "public.app-category.books";
				INFOPLIST_KEY_NSCameraUsageDescription = "Scan ISBN Code";
				INFOPLIST_KEY_UIApplicationSceneManifest_Generation = YES;
				INFOPLIST_KEY_UIApplicationSupportsIndirectInputEvents = YES;
				INFOPLIST_KEY_UILaunchScreen_Generation = YES;
				INFOPLIST_KEY_UIStatusBarStyle = "";
				INFOPLIST_KEY_UISupportedInterfaceOrientations_iPad = "UIInterfaceOrientationLandscapeLeft UIInterfaceOrientationLandscapeRight";
				IPHONEOS_DEPLOYMENT_TARGET = 17.4;
				LD_RUNPATH_SEARCH_PATHS = (
					"$(inherited)",
					"@executable_path/Frameworks",
				);
				MARKETING_VERSION = 1.0;
				PRODUCT_BUNDLE_IDENTIFIER = "com.infosys.LMS-Admin-Librarian";
				PRODUCT_NAME = "$(TARGET_NAME)";
				SWIFT_EMIT_LOC_STRINGS = YES;
				SWIFT_VERSION = 5.0;
				TARGETED_DEVICE_FAMILY = "1,2";
			};
			name = Release;
		};
/* End XCBuildConfiguration section */

/* Begin XCConfigurationList section */
		8016A7D42C353E8B0037D386 /* Build configuration list for PBXProject "LMSAdminLibrarian" */ = {
			isa = XCConfigurationList;
			buildConfigurations = (
				8016A7E52C353E8D0037D386 /* Debug */,
				8016A7E62C353E8D0037D386 /* Release */,
			);
			defaultConfigurationIsVisible = 0;
			defaultConfigurationName = Release;
		};
		8016A7E72C353E8D0037D386 /* Build configuration list for PBXNativeTarget "LMSAdminLibrarian" */ = {
			isa = XCConfigurationList;
			buildConfigurations = (
				8016A7E82C353E8D0037D386 /* Debug */,
				8016A7E92C353E8D0037D386 /* Release */,
			);
			defaultConfigurationIsVisible = 0;
			defaultConfigurationName = Release;
		};
/* End XCConfigurationList section */

/* Begin XCRemoteSwiftPackageReference section */
		1A1214542C36EF99009E1BD1 /* XCRemoteSwiftPackageReference "CoreXLSX" */ = {
			isa = XCRemoteSwiftPackageReference;
			repositoryURL = "https://github.com/CoreOffice/CoreXLSX.git";
			requirement = {
				kind = upToNextMajorVersion;
				minimumVersion = 0.14.2;
			};
		};
		8016A7EC2C3544B30037D386 /* XCRemoteSwiftPackageReference "firebase-ios-sdk" */ = {
			isa = XCRemoteSwiftPackageReference;
			repositoryURL = "https://github.com/firebase/firebase-ios-sdk";
			requirement = {
				kind = upToNextMajorVersion;
				minimumVersion = 10.28.1;
			};
		};
		8069BF832C3E4A7B0075475D /* XCRemoteSwiftPackageReference "swift-protobuf" */ = {
			isa = XCRemoteSwiftPackageReference;
			repositoryURL = "https://github.com/apple/swift-protobuf.git";
			requirement = {
				kind = upToNextMajorVersion;
				minimumVersion = 1.27.0;
			};
		};
/* End XCRemoteSwiftPackageReference section */

/* Begin XCSwiftPackageProductDependency section */
		1A1214552C36EF99009E1BD1 /* CoreXLSX */ = {
			isa = XCSwiftPackageProductDependency;
			package = 1A1214542C36EF99009E1BD1 /* XCRemoteSwiftPackageReference "CoreXLSX" */;
			productName = CoreXLSX;
		};
		1A12145A2C370869009E1BD1 /* FirebaseFirestoreCombine-Community */ = {
			isa = XCSwiftPackageProductDependency;
			package = 8016A7EC2C3544B30037D386 /* XCRemoteSwiftPackageReference "firebase-ios-sdk" */;
			productName = "FirebaseFirestoreCombine-Community";
		};
		1A12145C2C370869009E1BD1 /* FirebaseFirestoreSwift */ = {
			isa = XCSwiftPackageProductDependency;
			package = 8016A7EC2C3544B30037D386 /* XCRemoteSwiftPackageReference "firebase-ios-sdk" */;
			productName = FirebaseFirestoreSwift;
		};
		32D84C1A2C37118600E489F7 /* FirebaseFirestore */ = {
			isa = XCSwiftPackageProductDependency;
			package = 8016A7EC2C3544B30037D386 /* XCRemoteSwiftPackageReference "firebase-ios-sdk" */;
			productName = FirebaseFirestore;
		};
		8016A7ED2C3544B30037D386 /* FirebaseAnalytics */ = {
			isa = XCSwiftPackageProductDependency;
			package = 8016A7EC2C3544B30037D386 /* XCRemoteSwiftPackageReference "firebase-ios-sdk" */;
			productName = FirebaseAnalytics;
		};
		8016A7EF2C3544B30037D386 /* FirebaseAnalyticsWithoutAdIdSupport */ = {
			isa = XCSwiftPackageProductDependency;
			package = 8016A7EC2C3544B30037D386 /* XCRemoteSwiftPackageReference "firebase-ios-sdk" */;
			productName = FirebaseAnalyticsWithoutAdIdSupport;
		};
		8016A7F12C3544B30037D386 /* FirebaseAuth */ = {
			isa = XCSwiftPackageProductDependency;
			package = 8016A7EC2C3544B30037D386 /* XCRemoteSwiftPackageReference "firebase-ios-sdk" */;
			productName = FirebaseAuth;
		};
		8016A7F32C3544B30037D386 /* FirebaseDatabase */ = {
			isa = XCSwiftPackageProductDependency;
			package = 8016A7EC2C3544B30037D386 /* XCRemoteSwiftPackageReference "firebase-ios-sdk" */;
			productName = FirebaseDatabase;
		};
		8016A7F52C3544B30037D386 /* FirebaseStorage */ = {
			isa = XCSwiftPackageProductDependency;
			package = 8016A7EC2C3544B30037D386 /* XCRemoteSwiftPackageReference "firebase-ios-sdk" */;
			productName = FirebaseStorage;
		};
		8069BF842C3E4A7B0075475D /* SwiftProtobuf */ = {
			isa = XCSwiftPackageProductDependency;
			package = 8069BF832C3E4A7B0075475D /* XCRemoteSwiftPackageReference "swift-protobuf" */;
			productName = SwiftProtobuf;
		};
		8069BF862C3E4A7B0075475D /* SwiftProtobufPluginLibrary */ = {
			isa = XCSwiftPackageProductDependency;
			package = 8069BF832C3E4A7B0075475D /* XCRemoteSwiftPackageReference "swift-protobuf" */;
			productName = SwiftProtobufPluginLibrary;
		};
/* End XCSwiftPackageProductDependency section */
	};
	rootObject = 8016A7D12C353E8B0037D386 /* Project object */;
}
