// !$*UTF8*$!
{
	archiveVersion = 1;
	classes = {
	};
	objectVersion = 56;
	objects = {

/* Begin PBXBuildFile section */
		1A1214532C36EDAB009E1BD1 /* ExcelToFirebase.swift in Sources */ = {isa = PBXBuildFile; fileRef = 1A1214522C36EDAB009E1BD1 /* ExcelToFirebase.swift */; };
		1A1214562C36EF99009E1BD1 /* CoreXLSX in Frameworks */ = {isa = PBXBuildFile; productRef = 1A1214552C36EF99009E1BD1 /* CoreXLSX */; };
		1A12145B2C370869009E1BD1 /* FirebaseFirestoreCombine-Community in Frameworks */ = {isa = PBXBuildFile; productRef = 1A12145A2C370869009E1BD1 /* FirebaseFirestoreCombine-Community */; };
		1A12145D2C370869009E1BD1 /* FirebaseFirestoreSwift in Frameworks */ = {isa = PBXBuildFile; productRef = 1A12145C2C370869009E1BD1 /* FirebaseFirestoreSwift */; };
		1A8EAE772C3B8B0C00E89592 /* InventoryView.swift in Sources */ = {isa = PBXBuildFile; fileRef = 1A8EAE762C3B8B0C00E89592 /* InventoryView.swift */; };
		329E0A592C3823EC00E8925A /* ForgetPasswordView.swift in Sources */ = {isa = PBXBuildFile; fileRef = 329E0A582C3823EC00E8925A /* ForgetPasswordView.swift */; };
		32D84C142C3708C500E489F7 /* LoginView.swift in Sources */ = {isa = PBXBuildFile; fileRef = 32D84C132C3708C500E489F7 /* LoginView.swift */; };
		32D84C162C370E0A00E489F7 /* AdminView.swift in Sources */ = {isa = PBXBuildFile; fileRef = 32D84C152C370E0A00E489F7 /* AdminView.swift */; };
		32D84C1B2C37118600E489F7 /* FirebaseFirestore in Frameworks */ = {isa = PBXBuildFile; productRef = 32D84C1A2C37118600E489F7 /* FirebaseFirestore */; };
		32D84C1D2C37213E00E489F7 /* LibrarianView.swift in Sources */ = {isa = PBXBuildFile; fileRef = 32D84C1C2C37213E00E489F7 /* LibrarianView.swift */; };
		32E4A7272C3AEC22003D0D6C /* AddLibrarianView.swift in Sources */ = {isa = PBXBuildFile; fileRef = 32E4A7262C3AEC22003D0D6C /* AddLibrarianView.swift */; };
		32E4A7292C3B9BE3003D0D6C /* AddBookView.swift in Sources */ = {isa = PBXBuildFile; fileRef = 32E4A7282C3B9BE3003D0D6C /* AddBookView.swift */; };
		5FDAB7952C371F1000FEC1C2 /* SidebarView.swift in Sources */ = {isa = PBXBuildFile; fileRef = 5FDAB7932C371F1000FEC1C2 /* SidebarView.swift */; };
		8016A7DD2C353E8B0037D386 /* LMS_Admin_LibrarianApp.swift in Sources */ = {isa = PBXBuildFile; fileRef = 8016A7DC2C353E8B0037D386 /* LMS_Admin_LibrarianApp.swift */; };
		8016A7DF2C353E8B0037D386 /* ContentView.swift in Sources */ = {isa = PBXBuildFile; fileRef = 8016A7DE2C353E8B0037D386 /* ContentView.swift */; };
		8016A7E12C353E8D0037D386 /* Assets.xcassets in Resources */ = {isa = PBXBuildFile; fileRef = 8016A7E02C353E8D0037D386 /* Assets.xcassets */; };
		8016A7E42C353E8D0037D386 /* Preview Assets.xcassets in Resources */ = {isa = PBXBuildFile; fileRef = 8016A7E32C353E8D0037D386 /* Preview Assets.xcassets */; };
		8016A7EE2C3544B30037D386 /* FirebaseAnalytics in Frameworks */ = {isa = PBXBuildFile; productRef = 8016A7ED2C3544B30037D386 /* FirebaseAnalytics */; };
		8016A7F02C3544B30037D386 /* FirebaseAnalyticsWithoutAdIdSupport in Frameworks */ = {isa = PBXBuildFile; productRef = 8016A7EF2C3544B30037D386 /* FirebaseAnalyticsWithoutAdIdSupport */; };
		8016A7F22C3544B30037D386 /* FirebaseAuth in Frameworks */ = {isa = PBXBuildFile; productRef = 8016A7F12C3544B30037D386 /* FirebaseAuth */; };
		8016A7F42C3544B30037D386 /* FirebaseDatabase in Frameworks */ = {isa = PBXBuildFile; productRef = 8016A7F32C3544B30037D386 /* FirebaseDatabase */; };
		8016A7F62C3544B30037D386 /* FirebaseStorage in Frameworks */ = {isa = PBXBuildFile; productRef = 8016A7F52C3544B30037D386 /* FirebaseStorage */; };
		8016A8142C3546D60037D386 /* GoogleService-Info.plist in Resources */ = {isa = PBXBuildFile; fileRef = 8016A8132C3546D60037D386 /* GoogleService-Info.plist */; };
/* End PBXBuildFile section */

/* Begin PBXFileReference section */
		1A1214522C36EDAB009E1BD1 /* ExcelToFirebase.swift */ = {isa = PBXFileReference; lastKnownFileType = sourcecode.swift; path = ExcelToFirebase.swift; sourceTree = "<group>"; };
		1A8EAE762C3B8B0C00E89592 /* InventoryView.swift */ = {isa = PBXFileReference; fileEncoding = 4; lastKnownFileType = sourcecode.swift; path = InventoryView.swift; sourceTree = "<group>"; };
		329E0A582C3823EC00E8925A /* ForgetPasswordView.swift */ = {isa = PBXFileReference; lastKnownFileType = sourcecode.swift; path = ForgetPasswordView.swift; sourceTree = "<group>"; };
		32D84C132C3708C500E489F7 /* LoginView.swift */ = {isa = PBXFileReference; lastKnownFileType = sourcecode.swift; path = LoginView.swift; sourceTree = "<group>"; };
		32D84C152C370E0A00E489F7 /* AdminView.swift */ = {isa = PBXFileReference; lastKnownFileType = sourcecode.swift; path = AdminView.swift; sourceTree = "<group>"; };
		32D84C1C2C37213E00E489F7 /* LibrarianView.swift */ = {isa = PBXFileReference; lastKnownFileType = sourcecode.swift; path = LibrarianView.swift; sourceTree = "<group>"; };
		32E4A7262C3AEC22003D0D6C /* AddLibrarianView.swift */ = {isa = PBXFileReference; lastKnownFileType = sourcecode.swift; path = AddLibrarianView.swift; sourceTree = "<group>"; };
		32E4A7282C3B9BE3003D0D6C /* AddBookView.swift */ = {isa = PBXFileReference; lastKnownFileType = sourcecode.swift; path = AddBookView.swift; sourceTree = "<group>"; };
		5FDAB7932C371F1000FEC1C2 /* SidebarView.swift */ = {isa = PBXFileReference; fileEncoding = 4; lastKnownFileType = sourcecode.swift; path = SidebarView.swift; sourceTree = "<group>"; };
		8016A7D92C353E8B0037D386 /* LMS_Admin_Librarian.app */ = {isa = PBXFileReference; explicitFileType = wrapper.application; includeInIndex = 0; path = LMS_Admin_Librarian.app; sourceTree = BUILT_PRODUCTS_DIR; };
		8016A7DC2C353E8B0037D386 /* LMS_Admin_LibrarianApp.swift */ = {isa = PBXFileReference; lastKnownFileType = sourcecode.swift; path = LMS_Admin_LibrarianApp.swift; sourceTree = "<group>"; };
		8016A7DE2C353E8B0037D386 /* ContentView.swift */ = {isa = PBXFileReference; lastKnownFileType = sourcecode.swift; path = ContentView.swift; sourceTree = "<group>"; };
		8016A7E02C353E8D0037D386 /* Assets.xcassets */ = {isa = PBXFileReference; lastKnownFileType = folder.assetcatalog; path = Assets.xcassets; sourceTree = "<group>"; };
		8016A7E32C353E8D0037D386 /* Preview Assets.xcassets */ = {isa = PBXFileReference; lastKnownFileType = folder.assetcatalog; path = "Preview Assets.xcassets"; sourceTree = "<group>"; };
		8016A8132C3546D60037D386 /* GoogleService-Info.plist */ = {isa = PBXFileReference; fileEncoding = 4; lastKnownFileType = text.plist.xml; path = "GoogleService-Info.plist"; sourceTree = "<group>"; };
/* End PBXFileReference section */

/* Begin PBXFrameworksBuildPhase section */
		8016A7D62C353E8B0037D386 /* Frameworks */ = {
			isa = PBXFrameworksBuildPhase;
			buildActionMask = 2147483647;
			files = (
				1A1214562C36EF99009E1BD1 /* CoreXLSX in Frameworks */,
				1A12145B2C370869009E1BD1 /* FirebaseFirestoreCombine-Community in Frameworks */,
				8016A7EE2C3544B30037D386 /* FirebaseAnalytics in Frameworks */,
				8016A7F22C3544B30037D386 /* FirebaseAuth in Frameworks */,
				8016A7F42C3544B30037D386 /* FirebaseDatabase in Frameworks */,
				8016A7F62C3544B30037D386 /* FirebaseStorage in Frameworks */,
				8016A7F02C3544B30037D386 /* FirebaseAnalyticsWithoutAdIdSupport in Frameworks */,
				1A12145D2C370869009E1BD1 /* FirebaseFirestoreSwift in Frameworks */,
				32D84C1B2C37118600E489F7 /* FirebaseFirestore in Frameworks */,
			);
			runOnlyForDeploymentPostprocessing = 0;
		};
/* End PBXFrameworksBuildPhase section */

/* Begin PBXGroup section */
		32D84C192C37118600E489F7 /* Frameworks */ = {
			isa = PBXGroup;
			children = (
			);
			name = Frameworks;
			sourceTree = "<group>";
		};
		8016A7D02C353E8B0037D386 = {
			isa = PBXGroup;
			children = (
				8016A8132C3546D60037D386 /* GoogleService-Info.plist */,
				8016A7DB2C353E8B0037D386 /* LMS_Admin_Librarian */,
				8016A7DA2C353E8B0037D386 /* Products */,
				32D84C192C37118600E489F7 /* Frameworks */,
			);
			sourceTree = "<group>";
		};
		8016A7DA2C353E8B0037D386 /* Products */ = {
			isa = PBXGroup;
			children = (
				8016A7D92C353E8B0037D386 /* LMS_Admin_Librarian.app */,
			);
			name = Products;
			sourceTree = "<group>";
		};
		8016A7DB2C353E8B0037D386 /* LMS_Admin_Librarian */ = {
			isa = PBXGroup;
			children = (
				8016A7DC2C353E8B0037D386 /* LMS_Admin_LibrarianApp.swift */,
				5FDAB7932C371F1000FEC1C2 /* SidebarView.swift */,
				32E4A7282C3B9BE3003D0D6C /* AddBookView.swift */,
				8016A7DE2C353E8B0037D386 /* ContentView.swift */,
				329E0A582C3823EC00E8925A /* ForgetPasswordView.swift */,
				1A8EAE762C3B8B0C00E89592 /* InventoryView.swift */,
				1A1214522C36EDAB009E1BD1 /* ExcelToFirebase.swift */,
				32D84C132C3708C500E489F7 /* LoginView.swift */,
				32D84C152C370E0A00E489F7 /* AdminView.swift */,
				32E4A7262C3AEC22003D0D6C /* AddLibrarianView.swift */,
				32D84C1C2C37213E00E489F7 /* LibrarianView.swift */,
				8016A7E02C353E8D0037D386 /* Assets.xcassets */,
				8016A7E22C353E8D0037D386 /* Preview Content */,
			);
			path = LMS_Admin_Librarian;
			sourceTree = "<group>";
		};
		8016A7E22C353E8D0037D386 /* Preview Content */ = {
			isa = PBXGroup;
			children = (
				8016A7E32C353E8D0037D386 /* Preview Assets.xcassets */,
			);
			path = "Preview Content";
			sourceTree = "<group>";
		};
/* End PBXGroup section */

/* Begin PBXNativeTarget section */
		8016A7D82C353E8B0037D386 /* LMS_Admin_Librarian */ = {
			isa = PBXNativeTarget;
			buildConfigurationList = 8016A7E72C353E8D0037D386 /* Build configuration list for PBXNativeTarget "LMS_Admin_Librarian" */;
			buildPhases = (
				8016A7D52C353E8B0037D386 /* Sources */,
				8016A7D62C353E8B0037D386 /* Frameworks */,
				8016A7D72C353E8B0037D386 /* Resources */,
			);
			buildRules = (
			);
			dependencies = (
			);
			name = LMS_Admin_Librarian;
			packageProductDependencies = (
				8016A7ED2C3544B30037D386 /* FirebaseAnalytics */,
				8016A7EF2C3544B30037D386 /* FirebaseAnalyticsWithoutAdIdSupport */,
				8016A7F12C3544B30037D386 /* FirebaseAuth */,
				8016A7F32C3544B30037D386 /* FirebaseDatabase */,
				8016A7F52C3544B30037D386 /* FirebaseStorage */,
				1A1214552C36EF99009E1BD1 /* CoreXLSX */,
				1A12145A2C370869009E1BD1 /* FirebaseFirestoreCombine-Community */,
				32D84C1A2C37118600E489F7 /* FirebaseFirestore */,
			);
			productName = LMS_Admin_Librarian;
			productReference = 8016A7D92C353E8B0037D386 /* LMS_Admin_Librarian.app */;
			productType = "com.apple.product-type.application";
		};
/* End PBXNativeTarget section */

/* Begin PBXProject section */
		8016A7D12C353E8B0037D386 /* Project object */ = {
			isa = PBXProject;
			attributes = {
				BuildIndependentTargetsInParallel = 1;
				LastSwiftUpdateCheck = 1540;
				LastUpgradeCheck = 1540;
				TargetAttributes = {
					8016A7D82C353E8B0037D386 = {
						CreatedOnToolsVersion = 15.4;
					};
				};
			};
			buildConfigurationList = 8016A7D42C353E8B0037D386 /* Build configuration list for PBXProject "LMS_Admin_Librarian" */;
			compatibilityVersion = "Xcode 14.0";
			developmentRegion = en;
			hasScannedForEncodings = 0;
			knownRegions = (
				en,
				Base,
			);
			mainGroup = 8016A7D02C353E8B0037D386;
			packageReferences = (
				8016A7EC2C3544B30037D386 /* XCRemoteSwiftPackageReference "firebase-ios-sdk" */,
				1A1214542C36EF99009E1BD1 /* XCRemoteSwiftPackageReference "CoreXLSX" */,
			);
			productRefGroup = 8016A7DA2C353E8B0037D386 /* Products */;
			projectDirPath = "";
			projectRoot = "";
			targets = (
				8016A7D82C353E8B0037D386 /* LMS_Admin_Librarian */,
			);
		};
/* End PBXProject section */

/* Begin PBXResourcesBuildPhase section */
		8016A7D72C353E8B0037D386 /* Resources */ = {
			isa = PBXResourcesBuildPhase;
			buildActionMask = 2147483647;
			files = (
				8016A7E42C353E8D0037D386 /* Preview Assets.xcassets in Resources */,
				8016A7E12C353E8D0037D386 /* Assets.xcassets in Resources */,
				8016A8142C3546D60037D386 /* GoogleService-Info.plist in Resources */,
			);
			runOnlyForDeploymentPostprocessing = 0;
		};
/* End PBXResourcesBuildPhase section */

/* Begin PBXSourcesBuildPhase section */
		8016A7D52C353E8B0037D386 /* Sources */ = {
			isa = PBXSourcesBuildPhase;
			buildActionMask = 2147483647;
			files = (
				1A1214532C36EDAB009E1BD1 /* ExcelToFirebase.swift in Sources */,
				1A8EAE772C3B8B0C00E89592 /* InventoryView.swift in Sources */,
				5FDAB7952C371F1000FEC1C2 /* SidebarView.swift in Sources */,
				32D84C142C3708C500E489F7 /* LoginView.swift in Sources */,
				8016A7DF2C353E8B0037D386 /* ContentView.swift in Sources */,
				329E0A592C3823EC00E8925A /* ForgetPasswordView.swift in Sources */,
				32E4A7272C3AEC22003D0D6C /* AddLibrarianView.swift in Sources */,
				32E4A7292C3B9BE3003D0D6C /* AddBookView.swift in Sources */,
				32D84C1D2C37213E00E489F7 /* LibrarianView.swift in Sources */,
				32D84C162C370E0A00E489F7 /* AdminView.swift in Sources */,
				8016A7DD2C353E8B0037D386 /* LMS_Admin_LibrarianApp.swift in Sources */,
			);
			runOnlyForDeploymentPostprocessing = 0;
		};
/* End PBXSourcesBuildPhase section */

/* Begin XCBuildConfiguration section */
		8016A7E52C353E8D0037D386 /* Debug */ = {
			isa = XCBuildConfiguration;
			buildSettings = {
				ALWAYS_SEARCH_USER_PATHS = NO;
				ASSETCATALOG_COMPILER_GENERATE_SWIFT_ASSET_SYMBOL_EXTENSIONS = YES;
				CLANG_ANALYZER_NONNULL = YES;
				CLANG_ANALYZER_NUMBER_OBJECT_CONVERSION = YES_AGGRESSIVE;
				CLANG_CXX_LANGUAGE_STANDARD = "gnu++20";
				CLANG_ENABLE_MODULES = YES;
				CLANG_ENABLE_OBJC_ARC = YES;
				CLANG_ENABLE_OBJC_WEAK = YES;
				CLANG_WARN_BLOCK_CAPTURE_AUTORELEASING = YES;
				CLANG_WARN_BOOL_CONVERSION = YES;
				CLANG_WARN_COMMA = YES;
				CLANG_WARN_CONSTANT_CONVERSION = YES;
				CLANG_WARN_DEPRECATED_OBJC_IMPLEMENTATIONS = YES;
				CLANG_WARN_DIRECT_OBJC_ISA_USAGE = YES_ERROR;
				CLANG_WARN_DOCUMENTATION_COMMENTS = YES;
				CLANG_WARN_EMPTY_BODY = YES;
				CLANG_WARN_ENUM_CONVERSION = YES;
				CLANG_WARN_INFINITE_RECURSION = YES;
				CLANG_WARN_INT_CONVERSION = YES;
				CLANG_WARN_NON_LITERAL_NULL_CONVERSION = YES;
				CLANG_WARN_OBJC_IMPLICIT_RETAIN_SELF = YES;
				CLANG_WARN_OBJC_LITERAL_CONVERSION = YES;
				CLANG_WARN_OBJC_ROOT_CLASS = YES_ERROR;
				CLANG_WARN_QUOTED_INCLUDE_IN_FRAMEWORK_HEADER = YES;
				CLANG_WARN_RANGE_LOOP_ANALYSIS = YES;
				CLANG_WARN_STRICT_PROTOTYPES = YES;
				CLANG_WARN_SUSPICIOUS_MOVE = YES;
				CLANG_WARN_UNGUARDED_AVAILABILITY = YES_AGGRESSIVE;
				CLANG_WARN_UNREACHABLE_CODE = YES;
				CLANG_WARN__DUPLICATE_METHOD_MATCH = YES;
				COPY_PHASE_STRIP = NO;
				DEBUG_INFORMATION_FORMAT = dwarf;
				ENABLE_STRICT_OBJC_MSGSEND = YES;
				ENABLE_TESTABILITY = YES;
				ENABLE_USER_SCRIPT_SANDBOXING = YES;
				GCC_C_LANGUAGE_STANDARD = gnu17;
				GCC_DYNAMIC_NO_PIC = NO;
				GCC_NO_COMMON_BLOCKS = YES;
				GCC_OPTIMIZATION_LEVEL = 0;
				GCC_PREPROCESSOR_DEFINITIONS = (
					"DEBUG=1",
					"$(inherited)",
				);
				GCC_WARN_64_TO_32_BIT_CONVERSION = YES;
				GCC_WARN_ABOUT_RETURN_TYPE = YES_ERROR;
				GCC_WARN_UNDECLARED_SELECTOR = YES;
				GCC_WARN_UNINITIALIZED_AUTOS = YES_AGGRESSIVE;
				GCC_WARN_UNUSED_FUNCTION = YES;
				GCC_WARN_UNUSED_VARIABLE = YES;
				IPHONEOS_DEPLOYMENT_TARGET = 17.4;
				LOCALIZATION_PREFERS_STRING_CATALOGS = YES;
				MTL_ENABLE_DEBUG_INFO = INCLUDE_SOURCE;
				MTL_FAST_MATH = YES;
				ONLY_ACTIVE_ARCH = YES;
				SDKROOT = iphoneos;
				SWIFT_ACTIVE_COMPILATION_CONDITIONS = "DEBUG $(inherited)";
				SWIFT_OPTIMIZATION_LEVEL = "-Onone";
			};
			name = Debug;
		};
		8016A7E62C353E8D0037D386 /* Release */ = {
			isa = XCBuildConfiguration;
			buildSettings = {
				ALWAYS_SEARCH_USER_PATHS = NO;
				ASSETCATALOG_COMPILER_GENERATE_SWIFT_ASSET_SYMBOL_EXTENSIONS = YES;
				CLANG_ANALYZER_NONNULL = YES;
				CLANG_ANALYZER_NUMBER_OBJECT_CONVERSION = YES_AGGRESSIVE;
				CLANG_CXX_LANGUAGE_STANDARD = "gnu++20";
				CLANG_ENABLE_MODULES = YES;
				CLANG_ENABLE_OBJC_ARC = YES;
				CLANG_ENABLE_OBJC_WEAK = YES;
				CLANG_WARN_BLOCK_CAPTURE_AUTORELEASING = YES;
				CLANG_WARN_BOOL_CONVERSION = YES;
				CLANG_WARN_COMMA = YES;
				CLANG_WARN_CONSTANT_CONVERSION = YES;
				CLANG_WARN_DEPRECATED_OBJC_IMPLEMENTATIONS = YES;
				CLANG_WARN_DIRECT_OBJC_ISA_USAGE = YES_ERROR;
				CLANG_WARN_DOCUMENTATION_COMMENTS = YES;
				CLANG_WARN_EMPTY_BODY = YES;
				CLANG_WARN_ENUM_CONVERSION = YES;
				CLANG_WARN_INFINITE_RECURSION = YES;
				CLANG_WARN_INT_CONVERSION = YES;
				CLANG_WARN_NON_LITERAL_NULL_CONVERSION = YES;
				CLANG_WARN_OBJC_IMPLICIT_RETAIN_SELF = YES;
				CLANG_WARN_OBJC_LITERAL_CONVERSION = YES;
				CLANG_WARN_OBJC_ROOT_CLASS = YES_ERROR;
				CLANG_WARN_QUOTED_INCLUDE_IN_FRAMEWORK_HEADER = YES;
				CLANG_WARN_RANGE_LOOP_ANALYSIS = YES;
				CLANG_WARN_STRICT_PROTOTYPES = YES;
				CLANG_WARN_SUSPICIOUS_MOVE = YES;
				CLANG_WARN_UNGUARDED_AVAILABILITY = YES_AGGRESSIVE;
				CLANG_WARN_UNREACHABLE_CODE = YES;
				CLANG_WARN__DUPLICATE_METHOD_MATCH = YES;
				COPY_PHASE_STRIP = NO;
				DEBUG_INFORMATION_FORMAT = "dwarf-with-dsym";
				ENABLE_NS_ASSERTIONS = NO;
				ENABLE_STRICT_OBJC_MSGSEND = YES;
				ENABLE_USER_SCRIPT_SANDBOXING = YES;
				GCC_C_LANGUAGE_STANDARD = gnu17;
				GCC_NO_COMMON_BLOCKS = YES;
				GCC_WARN_64_TO_32_BIT_CONVERSION = YES;
				GCC_WARN_ABOUT_RETURN_TYPE = YES_ERROR;
				GCC_WARN_UNDECLARED_SELECTOR = YES;
				GCC_WARN_UNINITIALIZED_AUTOS = YES_AGGRESSIVE;
				GCC_WARN_UNUSED_FUNCTION = YES;
				GCC_WARN_UNUSED_VARIABLE = YES;
				IPHONEOS_DEPLOYMENT_TARGET = 17.4;
				LOCALIZATION_PREFERS_STRING_CATALOGS = YES;
				MTL_ENABLE_DEBUG_INFO = NO;
				MTL_FAST_MATH = YES;
				SDKROOT = iphoneos;
				SWIFT_COMPILATION_MODE = wholemodule;
				VALIDATE_PRODUCT = YES;
			};
			name = Release;
		};
		8016A7E82C353E8D0037D386 /* Debug */ = {
			isa = XCBuildConfiguration;
			buildSettings = {
				ASSETCATALOG_COMPILER_APPICON_NAME = AppIcon;
				ASSETCATALOG_COMPILER_GLOBAL_ACCENT_COLOR_NAME = AccentColor;
				CODE_SIGN_STYLE = Automatic;
				CURRENT_PROJECT_VERSION = 1;
				DEVELOPMENT_ASSET_PATHS = "\"LMS_Admin_Librarian/Preview Content\"";
				DEVELOPMENT_TEAM = VW3NC988UB;
				ENABLE_PREVIEWS = YES;
				GENERATE_INFOPLIST_FILE = YES;
				INFOPLIST_KEY_LSApplicationCategoryType = "public.app-category.books";
				INFOPLIST_KEY_UIApplicationSceneManifest_Generation = YES;
				INFOPLIST_KEY_UIApplicationSupportsIndirectInputEvents = YES;
				INFOPLIST_KEY_UILaunchScreen_Generation = YES;
				INFOPLIST_KEY_UISupportedInterfaceOrientations_iPad = "UIInterfaceOrientationPortrait UIInterfaceOrientationPortraitUpsideDown UIInterfaceOrientationLandscapeLeft UIInterfaceOrientationLandscapeRight";
				INFOPLIST_KEY_UISupportedInterfaceOrientations_iPhone = "UIInterfaceOrientationPortrait UIInterfaceOrientationLandscapeLeft UIInterfaceOrientationLandscapeRight";
				IPHONEOS_DEPLOYMENT_TARGET = 17.4;
				LD_RUNPATH_SEARCH_PATHS = (
					"$(inherited)",
					"@executable_path/Frameworks",
				);
				MARKETING_VERSION = 1.0;
				PRODUCT_BUNDLE_IDENTIFIER = "com.infosys.LMS-Admin-Librarian";
				PRODUCT_NAME = "$(TARGET_NAME)";
				SWIFT_EMIT_LOC_STRINGS = YES;
				SWIFT_VERSION = 5.0;
				TARGETED_DEVICE_FAMILY = "1,2";
			};
			name = Debug;
		};
		8016A7E92C353E8D0037D386 /* Release */ = {
			isa = XCBuildConfiguration;
			buildSettings = {
				ASSETCATALOG_COMPILER_APPICON_NAME = AppIcon;
				ASSETCATALOG_COMPILER_GLOBAL_ACCENT_COLOR_NAME = AccentColor;
				CODE_SIGN_STYLE = Automatic;
				CURRENT_PROJECT_VERSION = 1;
				DEVELOPMENT_ASSET_PATHS = "\"LMS_Admin_Librarian/Preview Content\"";
				DEVELOPMENT_TEAM = VW3NC988UB;
				ENABLE_PREVIEWS = YES;
				GENERATE_INFOPLIST_FILE = YES;
				INFOPLIST_KEY_LSApplicationCategoryType = "public.app-category.books";
				INFOPLIST_KEY_UIApplicationSceneManifest_Generation = YES;
				INFOPLIST_KEY_UIApplicationSupportsIndirectInputEvents = YES;
				INFOPLIST_KEY_UILaunchScreen_Generation = YES;
				INFOPLIST_KEY_UISupportedInterfaceOrientations_iPad = "UIInterfaceOrientationPortrait UIInterfaceOrientationPortraitUpsideDown UIInterfaceOrientationLandscapeLeft UIInterfaceOrientationLandscapeRight";
				INFOPLIST_KEY_UISupportedInterfaceOrientations_iPhone = "UIInterfaceOrientationPortrait UIInterfaceOrientationLandscapeLeft UIInterfaceOrientationLandscapeRight";
				IPHONEOS_DEPLOYMENT_TARGET = 17.4;
				LD_RUNPATH_SEARCH_PATHS = (
					"$(inherited)",
					"@executable_path/Frameworks",
				);
				MARKETING_VERSION = 1.0;
				PRODUCT_BUNDLE_IDENTIFIER = "com.infosys.LMS-Admin-Librarian";
				PRODUCT_NAME = "$(TARGET_NAME)";
				SWIFT_EMIT_LOC_STRINGS = YES;
				SWIFT_VERSION = 5.0;
				TARGETED_DEVICE_FAMILY = "1,2";
			};
			name = Release;
		};
/* End XCBuildConfiguration section */

/* Begin XCConfigurationList section */
		8016A7D42C353E8B0037D386 /* Build configuration list for PBXProject "LMS_Admin_Librarian" */ = {
			isa = XCConfigurationList;
			buildConfigurations = (
				8016A7E52C353E8D0037D386 /* Debug */,
				8016A7E62C353E8D0037D386 /* Release */,
			);
			defaultConfigurationIsVisible = 0;
			defaultConfigurationName = Release;
		};
		8016A7E72C353E8D0037D386 /* Build configuration list for PBXNativeTarget "LMS_Admin_Librarian" */ = {
			isa = XCConfigurationList;
			buildConfigurations = (
				8016A7E82C353E8D0037D386 /* Debug */,
				8016A7E92C353E8D0037D386 /* Release */,
			);
			defaultConfigurationIsVisible = 0;
			defaultConfigurationName = Release;
		};
/* End XCConfigurationList section */

/* Begin XCRemoteSwiftPackageReference section */
		1A1214542C36EF99009E1BD1 /* XCRemoteSwiftPackageReference "CoreXLSX" */ = {
			isa = XCRemoteSwiftPackageReference;
			repositoryURL = "https://github.com/CoreOffice/CoreXLSX.git";
			requirement = {
				kind = upToNextMajorVersion;
				minimumVersion = 0.14.2;
			};
		};
		8016A7EC2C3544B30037D386 /* XCRemoteSwiftPackageReference "firebase-ios-sdk" */ = {
			isa = XCRemoteSwiftPackageReference;
			repositoryURL = "https://github.com/firebase/firebase-ios-sdk";
			requirement = {
				kind = upToNextMajorVersion;
				minimumVersion = 10.28.1;
			};
		};
/* End XCRemoteSwiftPackageReference section */

/* Begin XCSwiftPackageProductDependency section */
		1A1214552C36EF99009E1BD1 /* CoreXLSX */ = {
			isa = XCSwiftPackageProductDependency;
			package = 1A1214542C36EF99009E1BD1 /* XCRemoteSwiftPackageReference "CoreXLSX" */;
			productName = CoreXLSX;
		};
		1A12145A2C370869009E1BD1 /* FirebaseFirestoreCombine-Community */ = {
			isa = XCSwiftPackageProductDependency;
			package = 8016A7EC2C3544B30037D386 /* XCRemoteSwiftPackageReference "firebase-ios-sdk" */;
			productName = "FirebaseFirestoreCombine-Community";
		};
		1A12145C2C370869009E1BD1 /* FirebaseFirestoreSwift */ = {
			isa = XCSwiftPackageProductDependency;
			package = 8016A7EC2C3544B30037D386 /* XCRemoteSwiftPackageReference "firebase-ios-sdk" */;
			productName = FirebaseFirestoreSwift;
		};
		32D84C1A2C37118600E489F7 /* FirebaseFirestore */ = {
			isa = XCSwiftPackageProductDependency;
			package = 8016A7EC2C3544B30037D386 /* XCRemoteSwiftPackageReference "firebase-ios-sdk" */;
			productName = FirebaseFirestore;
		};
		8016A7ED2C3544B30037D386 /* FirebaseAnalytics */ = {
			isa = XCSwiftPackageProductDependency;
			package = 8016A7EC2C3544B30037D386 /* XCRemoteSwiftPackageReference "firebase-ios-sdk" */;
			productName = FirebaseAnalytics;
		};
		8016A7EF2C3544B30037D386 /* FirebaseAnalyticsWithoutAdIdSupport */ = {
			isa = XCSwiftPackageProductDependency;
			package = 8016A7EC2C3544B30037D386 /* XCRemoteSwiftPackageReference "firebase-ios-sdk" */;
			productName = FirebaseAnalyticsWithoutAdIdSupport;
		};
		8016A7F12C3544B30037D386 /* FirebaseAuth */ = {
			isa = XCSwiftPackageProductDependency;
			package = 8016A7EC2C3544B30037D386 /* XCRemoteSwiftPackageReference "firebase-ios-sdk" */;
			productName = FirebaseAuth;
		};
		8016A7F32C3544B30037D386 /* FirebaseDatabase */ = {
			isa = XCSwiftPackageProductDependency;
			package = 8016A7EC2C3544B30037D386 /* XCRemoteSwiftPackageReference "firebase-ios-sdk" */;
			productName = FirebaseDatabase;
		};
		8016A7F52C3544B30037D386 /* FirebaseStorage */ = {
			isa = XCSwiftPackageProductDependency;
			package = 8016A7EC2C3544B30037D386 /* XCRemoteSwiftPackageReference "firebase-ios-sdk" */;
			productName = FirebaseStorage;
		};
/* End XCSwiftPackageProductDependency section */
	};
	rootObject = 8016A7D12C353E8B0037D386 /* Project object */;
}
